<?xml version="1.0" encoding="utf-8"?>
<Project ToolsVersion="4.0" xmlns="http://schemas.microsoft.com/developer/msbuild/2003">
  <ItemGroup>
    <ClCompile Include="main.cpp" />
    <ClCompile Include="PlayScence.cpp">
      <Filter>Framework\Scence</Filter>
    </ClCompile>
    <ClCompile Include="Scence.cpp">
      <Filter>Framework\Scence</Filter>
    </ClCompile>
    <ClCompile Include="Animations.cpp">
      <Filter>Framework\Animations</Filter>
    </ClCompile>
    <ClCompile Include="Game.cpp">
      <Filter>Framework\Game</Filter>
    </ClCompile>
    <ClCompile Include="GameObject.cpp">
      <Filter>Framework\GameObject</Filter>
    </ClCompile>
    <ClCompile Include="Tilemap.cpp">
      <Filter>Framework\Tilemaps</Filter>
    </ClCompile>
    <ClCompile Include="Sprites.cpp">
      <Filter>Framework\Sprites</Filter>
    </ClCompile>
    <ClCompile Include="Textures.cpp">
      <Filter>Framework\Textures</Filter>
    </ClCompile>
    <ClCompile Include="Utils.cpp">
      <Filter>Framework\Utils</Filter>
    </ClCompile>
    <ClCompile Include="Simon.cpp">
      <Filter>Object\Simon</Filter>
    </ClCompile>
    <ClCompile Include="Brick.cpp">
      <Filter>Object\Background</Filter>
    </ClCompile>
    <ClCompile Include="Portal.cpp">
      <Filter>Object\Portal</Filter>
    </ClCompile>
    <ClCompile Include="Goomba.cpp">
      <Filter>Object\Enemy</Filter>
    </ClCompile>
    <ClCompile Include="Koopas.cpp">
      <Filter>Object\Enemy</Filter>
    </ClCompile>
    <ClCompile Include="Torch.cpp">
      <Filter>Object\Background</Filter>
    </ClCompile>
    <ClCompile Include="Board.cpp">
      <Filter>Framework\Board</Filter>
    </ClCompile>
    <ClCompile Include="BoardHealth.cpp">
      <Filter>Framework\Board</Filter>
    </ClCompile>
    <ClCompile Include="Font.cpp">
      <Filter>Framework\Board</Filter>
    </ClCompile>
    <ClCompile Include="Weapon.cpp">
      <Filter>Object\Weapon</Filter>
    </ClCompile>
    <ClCompile Include="MorningStar.cpp">
      <Filter>Object\Weapon\MorningStar</Filter>
    </ClCompile>
    <ClCompile Include="Item.cpp">
      <Filter>Object\Item</Filter>
    </ClCompile>
    <ClCompile Include="UpgradeMorningStar.cpp">
      <Filter>Object\Item\Upgrade MorningStar</Filter>
    </ClCompile>
    <ClCompile Include="GameBoard.cpp">
      <Filter>Framework\UI</Filter>
    </ClCompile>
    <ClCompile Include="CBurningEffect.cpp">
      <Filter>Object\Item\BurningEffect</Filter>
    </ClCompile>
    <ClCompile Include="Cell.cpp">
      <Filter>Framework\Grid</Filter>
    </ClCompile>
    <ClCompile Include="Grid.cpp">
      <Filter>Framework\Grid</Filter>
    </ClCompile>
    <ClCompile Include="LargeHeart.cpp">
      <Filter>Object\Item\Heart</Filter>
    </ClCompile>
    <ClCompile Include="Enemy.cpp">
      <Filter>Object\Enemy\Base</Filter>
    </ClCompile>
    <ClCompile Include="Sword.cpp">
      <Filter>Object\Item\Sword</Filter>
    </ClCompile>
    <ClCompile Include="Knight.cpp">
      <Filter>Object\Enemy\Knight</Filter>
    </ClCompile>
    <ClCompile Include="Bat.cpp">
      <Filter>Object\Enemy\Bat</Filter>
    </ClCompile>
  </ItemGroup>
  <ItemGroup>
    <ClInclude Include="KeyEventHandler.h">
      <Filter>Framework</Filter>
    </ClInclude>
    <ClInclude Include="Scence.h">
      <Filter>Framework\Scence</Filter>
    </ClInclude>
    <ClInclude Include="PlayScence.h">
      <Filter>Framework\Scence</Filter>
    </ClInclude>
    <ClInclude Include="Animations.h">
      <Filter>Framework\Animations</Filter>
    </ClInclude>
    <ClInclude Include="Game.h">
      <Filter>Framework\Game</Filter>
    </ClInclude>
    <ClInclude Include="GameObject.h">
      <Filter>Framework\GameObject</Filter>
    </ClInclude>
    <ClInclude Include="Tilemap.h">
      <Filter>Framework\Tilemaps</Filter>
    </ClInclude>
    <ClInclude Include="Sprites.h">
      <Filter>Framework\Sprites</Filter>
    </ClInclude>
    <ClInclude Include="Textures.h">
      <Filter>Framework\Textures</Filter>
    </ClInclude>
    <ClInclude Include="Utils.h">
      <Filter>Framework\Utils</Filter>
    </ClInclude>
    <ClInclude Include="Simon.h">
      <Filter>Object\Simon</Filter>
    </ClInclude>
    <ClInclude Include="Brick.h">
      <Filter>Object\Background</Filter>
    </ClInclude>
    <ClInclude Include="Portal.h">
      <Filter>Object\Portal</Filter>
    </ClInclude>
    <ClInclude Include="Goomba.h">
      <Filter>Object\Enemy</Filter>
    </ClInclude>
    <ClInclude Include="Koopas.h">
      <Filter>Object\Enemy</Filter>
    </ClInclude>
    <ClInclude Include="Torch.h">
      <Filter>Object\Background</Filter>
    </ClInclude>
    <ClInclude Include="Define.h">
      <Filter>Object\Define</Filter>
    </ClInclude>
    <ClInclude Include="Board.h">
      <Filter>Framework\Board</Filter>
    </ClInclude>
    <ClInclude Include="BoardHealth.h">
      <Filter>Framework\Board</Filter>
    </ClInclude>
    <ClInclude Include="Font.h">
      <Filter>Framework\Board</Filter>
    </ClInclude>
    <ClInclude Include="Weapon.h">
      <Filter>Object\Weapon</Filter>
    </ClInclude>
    <ClInclude Include="MorningStar.h">
      <Filter>Object\Weapon\MorningStar</Filter>
    </ClInclude>
    <ClInclude Include="Item.h">
      <Filter>Object\Item</Filter>
    </ClInclude>
    <ClInclude Include="UpgradeMorningStar.h">
      <Filter>Object\Item\Upgrade MorningStar</Filter>
    </ClInclude>
    <ClInclude Include="GameBoard.h">
      <Filter>Framework\UI</Filter>
    </ClInclude>
    <ClInclude Include="CBurningEffect.h">
      <Filter>Object\Item\BurningEffect</Filter>
    </ClInclude>
    <ClInclude Include="Cell.h">
      <Filter>Framework\Grid</Filter>
    </ClInclude>
    <ClInclude Include="Grid.h">
      <Filter>Framework\Grid</Filter>
    </ClInclude>
    <ClInclude Include="LargeHeart.h">
      <Filter>Object\Item\Heart</Filter>
    </ClInclude>
    <ClInclude Include="Enemy.h">
      <Filter>Object\Enemy\Base</Filter>
    </ClInclude>
    <ClInclude Include="Sword.h">
      <Filter>Object\Item\Sword</Filter>
    </ClInclude>
    <ClInclude Include="Knight.h">
      <Filter>Object\Enemy\Knight</Filter>
    </ClInclude>
    <ClInclude Include="Bat.h">
      <Filter>Object\Enemy\Bat</Filter>
    </ClInclude>
  </ItemGroup>
  <ItemGroup>
    <Filter Include="Framework">
      <UniqueIdentifier>{d7213821-f009-4c41-9ecf-999eebf3a3f9}</UniqueIdentifier>
    </Filter>
    <Filter Include="Object">
      <UniqueIdentifier>{b47fd180-9784-4aec-a793-3202c57fec07}</UniqueIdentifier>
    </Filter>
    <Filter Include="Framework\Animations">
      <UniqueIdentifier>{e2ed0f0b-2ddd-4e52-ad6d-dc0cae27c308}</UniqueIdentifier>
    </Filter>
    <Filter Include="Framework\Game">
      <UniqueIdentifier>{69cdb06e-8ce4-486c-a385-696053cca183}</UniqueIdentifier>
    </Filter>
    <Filter Include="Framework\GameObject">
      <UniqueIdentifier>{fba10783-ddb8-4165-98df-7b5a2b65d7dc}</UniqueIdentifier>
    </Filter>
    <Filter Include="Framework\Tilemaps">
      <UniqueIdentifier>{04bf2744-6053-42a8-ad33-fab4ca747e45}</UniqueIdentifier>
    </Filter>
    <Filter Include="Framework\Sprites">
      <UniqueIdentifier>{62c18e5b-43cd-444d-b5a9-2a129b00ebf7}</UniqueIdentifier>
    </Filter>
    <Filter Include="Framework\Textures">
      <UniqueIdentifier>{2bf868e0-ceb1-4ab6-977a-a385f04b5508}</UniqueIdentifier>
    </Filter>
    <Filter Include="Framework\Utils">
      <UniqueIdentifier>{6e410222-1f65-4aa9-a33d-15dbdab31df0}</UniqueIdentifier>
    </Filter>
    <Filter Include="Object\Enemy">
      <UniqueIdentifier>{3b49cb38-fbc0-4ada-8d42-6c86e5a2c959}</UniqueIdentifier>
    </Filter>
    <Filter Include="Object\Simon">
      <UniqueIdentifier>{eb83a917-6e71-4078-b793-ea1a3485c076}</UniqueIdentifier>
    </Filter>
    <Filter Include="Object\Portal">
      <UniqueIdentifier>{c2eed75f-3e43-4a0e-bb8d-4048baecab14}</UniqueIdentifier>
    </Filter>
    <Filter Include="Object\Background">
      <UniqueIdentifier>{0d989f83-eb6b-47dd-a4ef-2d2d7e9c89f0}</UniqueIdentifier>
    </Filter>
    <Filter Include="Object\Define">
      <UniqueIdentifier>{e95f3cf7-7a56-471e-9920-2cbe274dc877}</UniqueIdentifier>
    </Filter>
    <Filter Include="Framework\Board">
      <UniqueIdentifier>{16bbad36-303d-47a5-9374-96cb3be917ec}</UniqueIdentifier>
    </Filter>
    <Filter Include="Object\Weapon">
      <UniqueIdentifier>{5850935c-5dd7-4ed2-b3f8-27797da1d537}</UniqueIdentifier>
    </Filter>
    <Filter Include="Object\Weapon\MorningStar">
      <UniqueIdentifier>{ba564934-6af7-4f55-8ce1-abec72baadef}</UniqueIdentifier>
    </Filter>
    <Filter Include="Object\Item">
      <UniqueIdentifier>{4a5605b9-d05b-4694-9b36-929064101fc9}</UniqueIdentifier>
    </Filter>
    <Filter Include="Object\Item\Upgrade MorningStar">
      <UniqueIdentifier>{a9585675-1c9e-4bd4-afc3-fca57aaae8ed}</UniqueIdentifier>
    </Filter>
    <Filter Include="Framework\UI">
      <UniqueIdentifier>{7b9bf432-cc13-4863-85b7-eb3f41d50d64}</UniqueIdentifier>
    </Filter>
    <Filter Include="Object\Item\BurningEffect">
      <UniqueIdentifier>{4cce5610-804e-441c-800e-3cf5ba1632eb}</UniqueIdentifier>
    </Filter>
    <Filter Include="Framework\Grid">
      <UniqueIdentifier>{8235222a-37d2-4aee-ab6f-9ede2bd1a6ee}</UniqueIdentifier>
    </Filter>
    <Filter Include="Framework\Scence">
      <UniqueIdentifier>{29b58dac-9934-4455-989d-49f7b6a87a72}</UniqueIdentifier>
    </Filter>
    <Filter Include="Object\Item\Heart">
      <UniqueIdentifier>{0ffd8b86-950d-4f1a-8755-219a0179addc}</UniqueIdentifier>
    </Filter>
    <Filter Include="Object\Enemy\Base">
      <UniqueIdentifier>{15508b01-be3f-4804-9e3c-2ad552db30cc}</UniqueIdentifier>
    </Filter>
    <Filter Include="Object\Item\Sword">
      <UniqueIdentifier>{8c3059b2-a874-4fb1-8a3e-60cae64596d3}</UniqueIdentifier>
    </Filter>
    <Filter Include="Object\Enemy\Knight">
      <UniqueIdentifier>{73cff7e4-4c1e-460a-bfe3-4496003255c3}</UniqueIdentifier>
    </Filter>
    <Filter Include="Object\Enemy\Bat">
      <UniqueIdentifier>{8f47f3c6-7bba-488e-b318-c3ad88298556}</UniqueIdentifier>
    </Filter>
  </ItemGroup>
</Project>