<?xml version="1.0" encoding="utf-8"?>
<Project ToolsVersion="4.0" xmlns="http://schemas.microsoft.com/developer/msbuild/2003">
  <ItemGroup>
    <ClCompile Include="main.cpp" />
    <ClCompile Include="Animations.cpp">
      <Filter>Framework</Filter>
    </ClCompile>
    <ClCompile Include="Game.cpp">
      <Filter>Framework</Filter>
    </ClCompile>
    <ClCompile Include="GameObject.cpp">
      <Filter>Framework</Filter>
    </ClCompile>
    <ClCompile Include="Portal.cpp">
      <Filter>Object</Filter>
    </ClCompile>
    <ClCompile Include="PlayScence.cpp">
      <Filter>Framework</Filter>
    </ClCompile>
    <ClCompile Include="Scence.cpp">
      <Filter>Framework</Filter>
    </ClCompile>
    <ClCompile Include="Sprites.cpp">
      <Filter>Framework</Filter>
    </ClCompile>
    <ClCompile Include="Textures.cpp">
      <Filter>Framework</Filter>
    </ClCompile>
    <ClCompile Include="Utils.cpp">
      <Filter>Framework</Filter>
    </ClCompile>
    <ClCompile Include="Goomba.cpp">
      <Filter>Object</Filter>
    </ClCompile>
    <ClCompile Include="Brick.cpp">
      <Filter>Object</Filter>
    </ClCompile>
    <ClCompile Include="Koopas.cpp">
      <Filter>Object</Filter>
    </ClCompile>
    <ClCompile Include="Simon.cpp">
      <Filter>Object</Filter>
    </ClCompile>
    <ClCompile Include="Tilemap.cpp">
      <Filter>Framework</Filter>
    </ClCompile>
    <ClCompile Include="Torch.cpp">
      <Filter>Object</Filter>
    </ClCompile>
  </ItemGroup>
  <ItemGroup>
    <ClInclude Include="Animations.h">
      <Filter>Framework</Filter>
    </ClInclude>
    <ClInclude Include="Game.h">
      <Filter>Framework</Filter>
    </ClInclude>
    <ClInclude Include="GameObject.h">
      <Filter>Framework</Filter>
    </ClInclude>
    <ClInclude Include="KeyEventHandler.h">
      <Filter>Framework</Filter>
    </ClInclude>
    <ClInclude Include="Portal.h">
      <Filter>Object</Filter>
    </ClInclude>
    <ClInclude Include="PlayScence.h">
      <Filter>Framework</Filter>
    </ClInclude>
    <ClInclude Include="Scence.h">
      <Filter>Framework</Filter>
    </ClInclude>
    <ClInclude Include="Sprites.h">
      <Filter>Framework</Filter>
    </ClInclude>
    <ClInclude Include="Textures.h">
      <Filter>Framework</Filter>
    </ClInclude>
    <ClInclude Include="Utils.h">
      <Filter>Framework</Filter>
    </ClInclude>
    <ClInclude Include="Goomba.h">
      <Filter>Object</Filter>
    </ClInclude>
    <ClInclude Include="Brick.h">
      <Filter>Object</Filter>
    </ClInclude>
    <ClInclude Include="Koopas.h">
      <Filter>Object</Filter>
    </ClInclude>
    <ClInclude Include="Simon.h">
      <Filter>Object</Filter>
    </ClInclude>
    <ClInclude Include="Tilemap.h">
      <Filter>Framework</Filter>
    </ClInclude>
    <ClInclude Include="Torch.h">
      <Filter>Object</Filter>
    </ClInclude>
  </ItemGroup>
  <ItemGroup>
    <Filter Include="Framework">
      <UniqueIdentifier>{d7213821-f009-4c41-9ecf-999eebf3a3f9}</UniqueIdentifier>
    </Filter>
    <Filter Include="Object">
      <UniqueIdentifier>{b47fd180-9784-4aec-a793-3202c57fec07}</UniqueIdentifier>
    </Filter>
  </ItemGroup>
</Project>