<?xml version="1.0" encoding="utf-8"?>
<Project ToolsVersion="4.0" xmlns="http://schemas.microsoft.com/developer/msbuild/2003">
  <ItemGroup>
    <ClCompile Include="PlayScence.cpp">
      <Filter>Framework\Scence</Filter>
    </ClCompile>
    <ClCompile Include="Scence.cpp">
      <Filter>Framework\Scence</Filter>
    </ClCompile>
    <ClCompile Include="Animations.cpp">
      <Filter>Framework\Animations</Filter>
    </ClCompile>
    <ClCompile Include="Game.cpp">
      <Filter>Framework\Game</Filter>
    </ClCompile>
    <ClCompile Include="GameObject.cpp">
      <Filter>Framework\GameObject</Filter>
    </ClCompile>
    <ClCompile Include="Tilemap.cpp">
      <Filter>Framework\Tilemaps</Filter>
    </ClCompile>
    <ClCompile Include="Sprites.cpp">
      <Filter>Framework\Sprites</Filter>
    </ClCompile>
    <ClCompile Include="Textures.cpp">
      <Filter>Framework\Textures</Filter>
    </ClCompile>
    <ClCompile Include="Utils.cpp">
      <Filter>Framework\Utils</Filter>
    </ClCompile>
    <ClCompile Include="Simon.cpp">
      <Filter>Object\Simon</Filter>
    </ClCompile>
    <ClCompile Include="Brick.cpp">
      <Filter>Object\Background</Filter>
    </ClCompile>
    <ClCompile Include="Portal.cpp">
      <Filter>Object\Portal</Filter>
    </ClCompile>
    <ClCompile Include="Torch.cpp">
      <Filter>Object\Background</Filter>
    </ClCompile>
    <ClCompile Include="Weapon.cpp">
      <Filter>Object\Weapon</Filter>
    </ClCompile>
    <ClCompile Include="MorningStar.cpp">
      <Filter>Object\Weapon\MorningStar</Filter>
    </ClCompile>
    <ClCompile Include="Item.cpp">
      <Filter>Object\Item</Filter>
    </ClCompile>
    <ClCompile Include="UpgradeMorningStar.cpp">
      <Filter>Object\Item\Upgrade MorningStar</Filter>
    </ClCompile>
    <ClCompile Include="GameBoard.cpp">
      <Filter>Framework\UI</Filter>
    </ClCompile>
    <ClCompile Include="CBurningEffect.cpp">
      <Filter>Object\Item\BurningEffect</Filter>
    </ClCompile>
    <ClCompile Include="Cell.cpp">
      <Filter>Framework\Grid</Filter>
    </ClCompile>
    <ClCompile Include="Grid.cpp">
      <Filter>Framework\Grid</Filter>
    </ClCompile>
    <ClCompile Include="LargeHeart.cpp">
      <Filter>Object\Item\Heart</Filter>
    </ClCompile>
    <ClCompile Include="Enemy.cpp">
      <Filter>Object\Enemy\Base</Filter>
    </ClCompile>
    <ClCompile Include="Sword.cpp">
      <Filter>Object\Item\Money\Sword</Filter>
    </ClCompile>
    <ClCompile Include="Knight.cpp">
      <Filter>Object\Enemy\Knight</Filter>
    </ClCompile>
    <ClCompile Include="Bat.cpp">
      <Filter>Object\Enemy\Bat</Filter>
    </ClCompile>
    <ClCompile Include="HiddenObject.cpp">
      <Filter>Object\HiddenObject</Filter>
    </ClCompile>
    <ClCompile Include="Candle.cpp">
      <Filter>Object\Background</Filter>
    </ClCompile>
    <ClCompile Include="Axe.cpp">
      <Filter>Object\Item\Axe</Filter>
    </ClCompile>
    <ClCompile Include="Chicken.cpp">
      <Filter>Object\Item\Chicken</Filter>
    </ClCompile>
    <ClCompile Include="Money.cpp">
      <Filter>Object\Item\Money</Filter>
    </ClCompile>
    <ClCompile Include="Blue.cpp">
      <Filter>Object\Item\Blue</Filter>
    </ClCompile>
    <ClCompile Include="II.cpp">
      <Filter>Object\Item\II</Filter>
    </ClCompile>
    <ClCompile Include="Boomerang.cpp">
      <Filter>Object\Item\Boomerang</Filter>
    </ClCompile>
    <ClCompile Include="Elevator.cpp">
      <Filter>Object\Elevator</Filter>
    </ClCompile>
    <ClCompile Include="wSword.cpp">
      <Filter>Object\Weapon\Sword</Filter>
    </ClCompile>
    <ClCompile Include="main.cpp">
      <Filter>Framework</Filter>
    </ClCompile>
    <ClCompile Include="wAxe.cpp">
      <Filter>Object\Weapon\Axe</Filter>
    </ClCompile>
    <ClCompile Include="wBoomerang.cpp">
      <Filter>Object\Weapon\Boomerang</Filter>
    </ClCompile>
    <ClCompile Include="HunchBack.cpp">
      <Filter>Object\Enemy\HunchBack</Filter>
    </ClCompile>
    <ClCompile Include="Skeleton.cpp">
      <Filter>Object\Enemy\Skeleton</Filter>
    </ClCompile>
    <ClCompile Include="Ghost.cpp">
      <Filter>Object\Enemy\Ghost</Filter>
    </ClCompile>
    <ClCompile Include="Raven.cpp">
      <Filter>Object\Enemy\Raven</Filter>
    </ClCompile>
    <ClCompile Include="Zombie.cpp">
      <Filter>Object\Enemy\Zombie</Filter>
    </ClCompile>
    <ClCompile Include="PhantomBat.cpp">
      <Filter>Object\Enemy\Boss\PhantomBat</Filter>
    </ClCompile>
    <ClCompile Include="SmallHeart.cpp">
      <Filter>Object\Item\Heart</Filter>
    </ClCompile>
  </ItemGroup>
  <ItemGroup>
    <ClInclude Include="KeyEventHandler.h">
      <Filter>Framework</Filter>
    </ClInclude>
    <ClInclude Include="Scence.h">
      <Filter>Framework\Scence</Filter>
    </ClInclude>
    <ClInclude Include="PlayScence.h">
      <Filter>Framework\Scence</Filter>
    </ClInclude>
    <ClInclude Include="Animations.h">
      <Filter>Framework\Animations</Filter>
    </ClInclude>
    <ClInclude Include="Game.h">
      <Filter>Framework\Game</Filter>
    </ClInclude>
    <ClInclude Include="GameObject.h">
      <Filter>Framework\GameObject</Filter>
    </ClInclude>
    <ClInclude Include="Tilemap.h">
      <Filter>Framework\Tilemaps</Filter>
    </ClInclude>
    <ClInclude Include="Sprites.h">
      <Filter>Framework\Sprites</Filter>
    </ClInclude>
    <ClInclude Include="Textures.h">
      <Filter>Framework\Textures</Filter>
    </ClInclude>
    <ClInclude Include="Utils.h">
      <Filter>Framework\Utils</Filter>
    </ClInclude>
    <ClInclude Include="Simon.h">
      <Filter>Object\Simon</Filter>
    </ClInclude>
    <ClInclude Include="Brick.h">
      <Filter>Object\Background</Filter>
    </ClInclude>
    <ClInclude Include="Portal.h">
      <Filter>Object\Portal</Filter>
    </ClInclude>
    <ClInclude Include="Torch.h">
      <Filter>Object\Background</Filter>
    </ClInclude>
    <ClInclude Include="Define.h">
      <Filter>Object\Define</Filter>
    </ClInclude>
    <ClInclude Include="Weapon.h">
      <Filter>Object\Weapon</Filter>
    </ClInclude>
    <ClInclude Include="MorningStar.h">
      <Filter>Object\Weapon\MorningStar</Filter>
    </ClInclude>
    <ClInclude Include="Item.h">
      <Filter>Object\Item</Filter>
    </ClInclude>
    <ClInclude Include="UpgradeMorningStar.h">
      <Filter>Object\Item\Upgrade MorningStar</Filter>
    </ClInclude>
    <ClInclude Include="GameBoard.h">
      <Filter>Framework\UI</Filter>
    </ClInclude>
    <ClInclude Include="CBurningEffect.h">
      <Filter>Object\Item\BurningEffect</Filter>
    </ClInclude>
    <ClInclude Include="Cell.h">
      <Filter>Framework\Grid</Filter>
    </ClInclude>
    <ClInclude Include="Grid.h">
      <Filter>Framework\Grid</Filter>
    </ClInclude>
    <ClInclude Include="LargeHeart.h">
      <Filter>Object\Item\Heart</Filter>
    </ClInclude>
    <ClInclude Include="Enemy.h">
      <Filter>Object\Enemy\Base</Filter>
    </ClInclude>
    <ClInclude Include="Sword.h">
      <Filter>Object\Item\Money\Sword</Filter>
    </ClInclude>
    <ClInclude Include="Knight.h">
      <Filter>Object\Enemy\Knight</Filter>
    </ClInclude>
    <ClInclude Include="Bat.h">
      <Filter>Object\Enemy\Bat</Filter>
    </ClInclude>
    <ClInclude Include="Candle.h">
      <Filter>Object\Background</Filter>
    </ClInclude>
    <ClInclude Include="Axe.h">
      <Filter>Object\Item\Axe</Filter>
    </ClInclude>
    <ClInclude Include="Chicken.h">
      <Filter>Object\Item\Chicken</Filter>
    </ClInclude>
    <ClInclude Include="Money.h">
      <Filter>Object\Item\Money</Filter>
    </ClInclude>
    <ClInclude Include="Blue.h">
      <Filter>Object\Item\Blue</Filter>
    </ClInclude>
    <ClInclude Include="II.h">
      <Filter>Object\Item\II</Filter>
    </ClInclude>
    <ClInclude Include="Boomerang.h">
      <Filter>Object\Item\Boomerang</Filter>
    </ClInclude>
    <ClInclude Include="Elevator.h">
      <Filter>Object\Elevator</Filter>
    </ClInclude>
    <ClInclude Include="wSword.h">
      <Filter>Object\Weapon\Sword</Filter>
    </ClInclude>
    <ClInclude Include="HiddenObject.h">
      <Filter>Object\HiddenObject</Filter>
    </ClInclude>
    <ClInclude Include="wAxe.h">
      <Filter>Object\Weapon\Axe</Filter>
    </ClInclude>
    <ClInclude Include="wBoomerang.h">
      <Filter>Object\Weapon\Boomerang</Filter>
    </ClInclude>
    <ClInclude Include="HunchBack.h">
      <Filter>Object\Enemy\HunchBack</Filter>
    </ClInclude>
    <ClInclude Include="Skeleton.h">
      <Filter>Object\Enemy\Skeleton</Filter>
    </ClInclude>
    <ClInclude Include="Ghost.h">
      <Filter>Object\Enemy\Ghost</Filter>
    </ClInclude>
    <ClInclude Include="Raven.h">
      <Filter>Object\Enemy\Raven</Filter>
    </ClInclude>
    <ClInclude Include="Zombie.h">
      <Filter>Object\Enemy\Zombie</Filter>
    </ClInclude>
    <ClInclude Include="PhantomBat.h">
      <Filter>Object\Enemy\Boss\PhantomBat</Filter>
    </ClInclude>
    <ClInclude Include="SmallHeart.h">
      <Filter>Object\Item\Heart</Filter>
    </ClInclude>
  </ItemGroup>
  <ItemGroup>
    <Filter Include="Framework">
      <UniqueIdentifier>{d7213821-f009-4c41-9ecf-999eebf3a3f9}</UniqueIdentifier>
    </Filter>
    <Filter Include="Object">
      <UniqueIdentifier>{b47fd180-9784-4aec-a793-3202c57fec07}</UniqueIdentifier>
    </Filter>
    <Filter Include="Framework\Animations">
      <UniqueIdentifier>{e2ed0f0b-2ddd-4e52-ad6d-dc0cae27c308}</UniqueIdentifier>
    </Filter>
    <Filter Include="Framework\Game">
      <UniqueIdentifier>{69cdb06e-8ce4-486c-a385-696053cca183}</UniqueIdentifier>
    </Filter>
    <Filter Include="Framework\GameObject">
      <UniqueIdentifier>{fba10783-ddb8-4165-98df-7b5a2b65d7dc}</UniqueIdentifier>
    </Filter>
    <Filter Include="Framework\Tilemaps">
      <UniqueIdentifier>{04bf2744-6053-42a8-ad33-fab4ca747e45}</UniqueIdentifier>
    </Filter>
    <Filter Include="Framework\Sprites">
      <UniqueIdentifier>{62c18e5b-43cd-444d-b5a9-2a129b00ebf7}</UniqueIdentifier>
    </Filter>
    <Filter Include="Framework\Textures">
      <UniqueIdentifier>{2bf868e0-ceb1-4ab6-977a-a385f04b5508}</UniqueIdentifier>
    </Filter>
    <Filter Include="Framework\Utils">
      <UniqueIdentifier>{6e410222-1f65-4aa9-a33d-15dbdab31df0}</UniqueIdentifier>
    </Filter>
    <Filter Include="Object\Enemy">
      <UniqueIdentifier>{3b49cb38-fbc0-4ada-8d42-6c86e5a2c959}</UniqueIdentifier>
    </Filter>
    <Filter Include="Object\Simon">
      <UniqueIdentifier>{eb83a917-6e71-4078-b793-ea1a3485c076}</UniqueIdentifier>
    </Filter>
    <Filter Include="Object\Portal">
      <UniqueIdentifier>{c2eed75f-3e43-4a0e-bb8d-4048baecab14}</UniqueIdentifier>
    </Filter>
    <Filter Include="Object\Define">
      <UniqueIdentifier>{e95f3cf7-7a56-471e-9920-2cbe274dc877}</UniqueIdentifier>
    </Filter>
    <Filter Include="Object\Weapon">
      <UniqueIdentifier>{5850935c-5dd7-4ed2-b3f8-27797da1d537}</UniqueIdentifier>
    </Filter>
    <Filter Include="Object\Weapon\MorningStar">
      <UniqueIdentifier>{ba564934-6af7-4f55-8ce1-abec72baadef}</UniqueIdentifier>
    </Filter>
    <Filter Include="Object\Item">
      <UniqueIdentifier>{4a5605b9-d05b-4694-9b36-929064101fc9}</UniqueIdentifier>
    </Filter>
    <Filter Include="Object\Item\Upgrade MorningStar">
      <UniqueIdentifier>{a9585675-1c9e-4bd4-afc3-fca57aaae8ed}</UniqueIdentifier>
    </Filter>
    <Filter Include="Framework\UI">
      <UniqueIdentifier>{7b9bf432-cc13-4863-85b7-eb3f41d50d64}</UniqueIdentifier>
    </Filter>
    <Filter Include="Object\Item\BurningEffect">
      <UniqueIdentifier>{4cce5610-804e-441c-800e-3cf5ba1632eb}</UniqueIdentifier>
    </Filter>
    <Filter Include="Framework\Grid">
      <UniqueIdentifier>{8235222a-37d2-4aee-ab6f-9ede2bd1a6ee}</UniqueIdentifier>
    </Filter>
    <Filter Include="Framework\Scence">
      <UniqueIdentifier>{29b58dac-9934-4455-989d-49f7b6a87a72}</UniqueIdentifier>
    </Filter>
    <Filter Include="Object\Item\Heart">
      <UniqueIdentifier>{0ffd8b86-950d-4f1a-8755-219a0179addc}</UniqueIdentifier>
    </Filter>
    <Filter Include="Object\Enemy\Base">
      <UniqueIdentifier>{15508b01-be3f-4804-9e3c-2ad552db30cc}</UniqueIdentifier>
    </Filter>
    <Filter Include="Object\Enemy\Knight">
      <UniqueIdentifier>{73cff7e4-4c1e-460a-bfe3-4496003255c3}</UniqueIdentifier>
    </Filter>
    <Filter Include="Object\Enemy\Bat">
      <UniqueIdentifier>{8f47f3c6-7bba-488e-b318-c3ad88298556}</UniqueIdentifier>
    </Filter>
    <Filter Include="Object\HiddenObject">
      <UniqueIdentifier>{c4e1c7ad-5858-4dcf-8c08-fa6e5bf240a5}</UniqueIdentifier>
    </Filter>
    <Filter Include="Object\Item\Axe">
      <UniqueIdentifier>{7439d26c-d4e5-45bb-a36c-00374a1a6730}</UniqueIdentifier>
    </Filter>
    <Filter Include="Object\Item\Chicken">
      <UniqueIdentifier>{1becf36d-6e00-4e6d-8b3f-d64b6f303f96}</UniqueIdentifier>
    </Filter>
    <Filter Include="Object\Item\Money">
      <UniqueIdentifier>{e6c92634-326b-4120-80f5-a8ff56777ddc}</UniqueIdentifier>
    </Filter>
    <Filter Include="Object\Item\Blue">
      <UniqueIdentifier>{9a64fe12-519a-47ec-bbfd-8d7a24272970}</UniqueIdentifier>
    </Filter>
    <Filter Include="Object\Item\II">
      <UniqueIdentifier>{de61a589-d982-4eaf-bfb4-b6386d4b9693}</UniqueIdentifier>
    </Filter>
    <Filter Include="Object\Item\Boomerang">
      <UniqueIdentifier>{7c9b012a-247b-4dcc-b08c-bdfa92c49822}</UniqueIdentifier>
    </Filter>
    <Filter Include="Object\Elevator">
      <UniqueIdentifier>{dd5e3dbe-3c6b-4183-8429-c57d17683df9}</UniqueIdentifier>
    </Filter>
    <Filter Include="Object\Weapon\Sword">
      <UniqueIdentifier>{3cf7aa71-5777-432c-8233-18d266383a61}</UniqueIdentifier>
    </Filter>
    <Filter Include="Object\Item\Money\Sword">
      <UniqueIdentifier>{8c3059b2-a874-4fb1-8a3e-60cae64596d3}</UniqueIdentifier>
    </Filter>
    <Filter Include="Object\Weapon\Axe">
      <UniqueIdentifier>{06c49324-5391-40d9-90b4-c9a235360d42}</UniqueIdentifier>
    </Filter>
    <Filter Include="Object\Weapon\Boomerang">
      <UniqueIdentifier>{92be464a-f34c-4ac1-b48c-b186b099573b}</UniqueIdentifier>
    </Filter>
    <Filter Include="Object\Background">
      <UniqueIdentifier>{0d989f83-eb6b-47dd-a4ef-2d2d7e9c89f0}</UniqueIdentifier>
    </Filter>
    <Filter Include="Object\Enemy\HunchBack">
      <UniqueIdentifier>{e1ddafb3-c7c9-4187-b9a5-32ea9b503b67}</UniqueIdentifier>
    </Filter>
    <Filter Include="Object\Enemy\Skeleton">
      <UniqueIdentifier>{287e9ecb-2b3a-419e-aff5-7b961992a2c1}</UniqueIdentifier>
    </Filter>
    <Filter Include="Object\Enemy\Ghost">
      <UniqueIdentifier>{23adb6a2-d2dd-470e-8a70-2fc40747980d}</UniqueIdentifier>
    </Filter>
    <Filter Include="Object\Enemy\Raven">
      <UniqueIdentifier>{9845f30c-e8dd-4007-b2b4-6539663c03a8}</UniqueIdentifier>
    </Filter>
    <Filter Include="Object\Enemy\Zombie">
      <UniqueIdentifier>{5ff8ad61-1aac-4b10-b5b2-29437cc65a77}</UniqueIdentifier>
    </Filter>
    <Filter Include="Object\Enemy\Boss">
      <UniqueIdentifier>{ff12474e-9762-4870-994d-afb4bd7ea8d2}</UniqueIdentifier>
    </Filter>
    <Filter Include="Object\Enemy\Boss\PhantomBat">
      <UniqueIdentifier>{14225aee-eda0-4298-b7ab-a83466e0468d}</UniqueIdentifier>
    </Filter>
  </ItemGroup>
</Project>